
Microsoft Visual Studio Solution File, Format Version 12.00
# Visual Studio Version 16
VisualStudioVersion = 16.0.31313.79
MinimumVisualStudioVersion = 10.0.40219.1
Project("{9A19103F-16F7-4668-BE54-9A1E7A4F7556}") = "Uppgift 1 med CF MVC", "Uppgift 1 med CF MVC\Uppgift 1 med CF MVC.csproj", "{C1155C9E-04DB-41D2-9EA5-01050490580C}"
EndProject
Project("{FAE04EC0-301F-11D3-BF4B-00C04F79EFBC}") = "Uppgift 2 med CF MVC", "Uppgift 2 med CF MVC\Uppgift 2 med CF MVC.csproj", "{C60573E4-7AFA-4401-BDAD-5D5ED33EE0E7}"
EndProject
Global
	GlobalSection(SolutionConfigurationPlatforms) = preSolution
		Debug|Any CPU = Debug|Any CPU
		Release|Any CPU = Release|Any CPU
	EndGlobalSection
	GlobalSection(ProjectConfigurationPlatforms) = postSolution
		{C1155C9E-04DB-41D2-9EA5-01050490580C}.Debug|Any CPU.ActiveCfg = Debug|Any CPU
		{C1155C9E-04DB-41D2-9EA5-01050490580C}.Debug|Any CPU.Build.0 = Debug|Any CPU
		{C1155C9E-04DB-41D2-9EA5-01050490580C}.Release|Any CPU.ActiveCfg = Release|Any CPU
		{C1155C9E-04DB-41D2-9EA5-01050490580C}.Release|Any CPU.Build.0 = Release|Any CPU
		{C60573E4-7AFA-4401-BDAD-5D5ED33EE0E7}.Debug|Any CPU.ActiveCfg = Debug|Any CPU
		{C60573E4-7AFA-4401-BDAD-5D5ED33EE0E7}.Debug|Any CPU.Build.0 = Debug|Any CPU
		{C60573E4-7AFA-4401-BDAD-5D5ED33EE0E7}.Release|Any CPU.ActiveCfg = Release|Any CPU
		{C60573E4-7AFA-4401-BDAD-5D5ED33EE0E7}.Release|Any CPU.Build.0 = Release|Any CPU
	EndGlobalSection
	GlobalSection(SolutionProperties) = preSolution
		HideSolutionNode = FALSE
	EndGlobalSection
	GlobalSection(ExtensibilityGlobals) = postSolution
		SolutionGuid = {D7929CD0-4C99-4013-91FB-C61165C55456}
	EndGlobalSection
EndGlobal
